
Microsoft Visual Studio Solution File, Format Version 12.00
# Visual Studio Version 17
VisualStudioVersion = 17.11.35431.28
MinimumVisualStudioVersion = 10.0.40219.1
Project("{FAE04EC0-301F-11D3-BF4B-00C04F79EFBC}") = "PokerHandSimulator", "PokerHandSimulator\PokerHandSimulator.csproj", "{BC0C435C-7D32-4A6C-98AC-2ED8CA9F401C}"
EndProject
Global
	GlobalSection(SolutionConfigurationPlatforms) = preSolution
		Debug|Any CPU = Debug|Any CPU
		Release|Any CPU = Release|Any CPU
	EndGlobalSection
	GlobalSection(ProjectConfigurationPlatforms) = postSolution
		{BC0C435C-7D32-4A6C-98AC-2ED8CA9F401C}.Debug|Any CPU.ActiveCfg = Debug|Any CPU
		{BC0C435C-7D32-4A6C-98AC-2ED8CA9F401C}.Debug|Any CPU.Build.0 = Debug|Any CPU
		{BC0C435C-7D32-4A6C-98AC-2ED8CA9F401C}.Release|Any CPU.ActiveCfg = Release|Any CPU
		{BC0C435C-7D32-4A6C-98AC-2ED8CA9F401C}.Release|Any CPU.Build.0 = Release|Any CPU
	EndGlobalSection
	GlobalSection(SolutionProperties) = preSolution
		HideSolutionNode = FALSE
	EndGlobalSection
	GlobalSection(ExtensibilityGlobals) = postSolution
		SolutionGuid = {BC9C83CC-8889-4113-9F3F-B7F5357EFD33}
	EndGlobalSection
EndGlobal
